// !$*UTF8*$!
{
	archiveVersion = 1;
	classes = {
	};
	objectVersion = 56;
	objects = {

/* Begin PBXBuildFile section */
		A10001 /* AppDelegate.swift in Sources */ = {isa = PBXBuildFile; fileRef = B10001; };
		A10002 /* SceneDelegate.swift in Sources */ = {isa = PBXBuildFile; fileRef = B10002; };
		A10003 /* CameraManager.swift in Sources */ = {isa = PBXBuildFile; fileRef = B10003; };
		A10004 /* APIClient.swift in Sources */ = {isa = PBXBuildFile; fileRef = B10004; };
		A10005 /* CorrectionResponse.swift in Sources */ = {isa = PBXBuildFile; fileRef = B10005; };
		A10006 /* CameraViewController.swift in Sources */ = {isa = PBXBuildFile; fileRef = B10006; };
		A10007 /* LaunchScreen.storyboard in Resources */ = {isa = PBXBuildFile; fileRef = B10007; };
		A10008 /* SwingAnalyzer.swift in Sources */ = {isa = PBXBuildFile; fileRef = B10010; };
		A10009 /* GolfModule.swift in Sources */ = {isa = PBXBuildFile; fileRef = B10011; };
		A10010 /* HomeViewController.swift in Sources */ = {isa = PBXBuildFile; fileRef = B10012; };
		A10011 /* EntitlementManager.swift in Sources */ = {isa = PBXBuildFile; fileRef = B10013; };
		A10012 /* PaywallViewController.swift in Sources */ = {isa = PBXBuildFile; fileRef = B10014; };
		A10013 /* PaymentModels.swift in Sources */ = {isa = PBXBuildFile; fileRef = B10015; };
		A10014 /* TalkModeViewController.swift in Sources */ = {isa = PBXBuildFile; fileRef = B10016; };
/* End PBXBuildFile section */

/* Begin PBXFileReference section */
		B10001 /* AppDelegate.swift */ = {isa = PBXFileReference; lastKnownFileType = sourcecode.swift; path = AppDelegate.swift; sourceTree = "<group>"; };
		B10002 /* SceneDelegate.swift */ = {isa = PBXFileReference; lastKnownFileType = sourcecode.swift; path = SceneDelegate.swift; sourceTree = "<group>"; };
		B10003 /* CameraManager.swift */ = {isa = PBXFileReference; lastKnownFileType = sourcecode.swift; path = CameraManager.swift; sourceTree = "<group>"; };
		B10004 /* APIClient.swift */ = {isa = PBXFileReference; lastKnownFileType = sourcecode.swift; path = APIClient.swift; sourceTree = "<group>"; };
		B10005 /* CorrectionResponse.swift */ = {isa = PBXFileReference; lastKnownFileType = sourcecode.swift; path = CorrectionResponse.swift; sourceTree = "<group>"; };
		B10006 /* CameraViewController.swift */ = {isa = PBXFileReference; lastKnownFileType = sourcecode.swift; path = CameraViewController.swift; sourceTree = "<group>"; };
		B10007 /* LaunchScreen.storyboard */ = {isa = PBXFileReference; lastKnownFileType = file.storyboard; path = LaunchScreen.storyboard; sourceTree = "<group>"; };
		B10008 /* Info.plist */ = {isa = PBXFileReference; lastKnownFileType = text.plist.xml; path = Info.plist; sourceTree = "<group>"; };
		B10009 /* GolfCoachNow.app */ = {isa = PBXFileReference; explicitFileType = wrapper.application; includeInIndex = 0; path = GolfCoachNow.app; sourceTree = BUILT_PRODUCTS_DIR; };
		B10010 /* SwingAnalyzer.swift */ = {isa = PBXFileReference; lastKnownFileType = sourcecode.swift; path = SwingAnalyzer.swift; sourceTree = "<group>"; };
		B10011 /* GolfModule.swift */ = {isa = PBXFileReference; lastKnownFileType = sourcecode.swift; path = GolfModule.swift; sourceTree = "<group>"; };
		B10012 /* HomeViewController.swift */ = {isa = PBXFileReference; lastKnownFileType = sourcecode.swift; path = HomeViewController.swift; sourceTree = "<group>"; };
		B10013 /* EntitlementManager.swift */ = {isa = PBXFileReference; lastKnownFileType = sourcecode.swift; path = EntitlementManager.swift; sourceTree = "<group>"; };
		B10014 /* PaywallViewController.swift */ = {isa = PBXFileReference; lastKnownFileType = sourcecode.swift; path = PaywallViewController.swift; sourceTree = "<group>"; };
		B10015 /* PaymentModels.swift */ = {isa = PBXFileReference; lastKnownFileType = sourcecode.swift; path = PaymentModels.swift; sourceTree = "<group>"; };
		B10016 /* TalkModeViewController.swift */ = {isa = PBXFileReference; lastKnownFileType = sourcecode.swift; path = TalkModeViewController.swift; sourceTree = "<group>"; };
/* End PBXFileReference section */

/* Begin PBXFrameworksBuildPhase section */
		C10001 /* Frameworks */ = {
			isa = PBXFrameworksBuildPhase;
			buildActionMask = 2147483647;
			files = (
			);
			runOnlyForDeploymentPostprocessing = 0;
		};
/* End PBXFrameworksBuildPhase section */

/* Begin PBXGroup section */
		D10001 /* Root */ = {
			isa = PBXGroup;
			children = (
				D10002 /* GolfCoachNow */,
				D10008 /* Products */,
			);
			sourceTree = "<group>";
		};
		D10002 /* GolfCoachNow */ = {
			isa = PBXGroup;
			children = (
				D10003 /* App */,
				D10004 /* Camera */,
				D10005 /* Network */,
				D10006 /* Models */,
				D10007 /* ViewControllers */,
				B10007 /* LaunchScreen.storyboard */,
				B10008 /* Info.plist */,
			);
			path = GolfCoachNow;
			sourceTree = "<group>";
		};
		D10003 /* App */ = {
			isa = PBXGroup;
			children = (
				B10001 /* AppDelegate.swift */,
				B10002 /* SceneDelegate.swift */,
			);
			path = App;
			sourceTree = "<group>";
		};
		D10004 /* Camera */ = {
			isa = PBXGroup;
			children = (
				B10003 /* CameraManager.swift */,
			);
			path = Camera;
			sourceTree = "<group>";
		};
		D10005 /* Network */ = {
			isa = PBXGroup;
			children = (
				B10004 /* APIClient.swift */,
			);
			path = Network;
			sourceTree = "<group>";
		};
		D10006 /* Models */ = {
			isa = PBXGroup;
			children = (
				B10005 /* CorrectionResponse.swift */,
				B10010 /* SwingAnalyzer.swift */,
				B10011 /* GolfModule.swift */,
				B10013 /* EntitlementManager.swift */,
				B10015 /* PaymentModels.swift */,
			);
			path = Models;
			sourceTree = "<group>";
		};
		D10007 /* ViewControllers */ = {
			isa = PBXGroup;
			children = (
				B10006 /* CameraViewController.swift */,
				B10012 /* HomeViewController.swift */,
				B10014 /* PaywallViewController.swift */,
				B10016 /* TalkModeViewController.swift */,
			);
			path = ViewControllers;
			sourceTree = "<group>";
		};
		D10008 /* Products */ = {
			isa = PBXGroup;
			children = (
				B10009 /* GolfCoachNow.app */,
			);
			name = Products;
			sourceTree = "<group>";
		};
/* End PBXGroup section */

/* Begin PBXNativeTarget section */
		E10001 /* GolfCoachNow */ = {
			isa = PBXNativeTarget;
			buildConfigurationList = F10003;
			buildPhases = (
				C10002 /* Sources */,
				C10001 /* Frameworks */,
				C10003 /* Resources */,
			);
			buildRules = (
			);
			dependencies = (
			);
			name = GolfCoachNow;
			productName = GolfCoachNow;
			productReference = B10009 /* GolfCoachNow.app */;
			productType = "com.apple.product-type.application";
		};
/* End PBXNativeTarget section */

/* Begin PBXProject section */
		E10002 /* Project object */ = {
			isa = PBXProject;
			attributes = {
				BuildIndependentTargetsInParallel = 1;
				LastSwiftUpdateCheck = 1500;
				LastUpgradeCheck = 1500;
				TargetAttributes = {
					E10001 = {
						CreatedOnToolsVersion = 15.0;
					};
				};
			};
			buildConfigurationList = F10001;
			compatibilityVersion = "Xcode 14.0";
			developmentRegion = en;
			hasScannedForEncodings = 0;
			knownRegions = (
				en,
				Base,
			);
			mainGroup = D10001;
			productRefGroup = D10008 /* Products */;
			projectDirPath = "";
			projectRoot = "";
			targets = (
				E10001 /* GolfCoachNow */,
			);
		};
/* End PBXProject section */

/* Begin PBXResourcesBuildPhase section */
		C10003 /* Resources */ = {
			isa = PBXResourcesBuildPhase;
			buildActionMask = 2147483647;
			files = (
				A10007 /* LaunchScreen.storyboard in Resources */,
			);
			runOnlyForDeploymentPostprocessing = 0;
		};
/* End PBXResourcesBuildPhase section */

/* Begin PBXSourcesBuildPhase section */
		C10002 /* Sources */ = {
			isa = PBXSourcesBuildPhase;
			buildActionMask = 2147483647;
			files = (
				A10001 /* AppDelegate.swift in Sources */,
				A10002 /* SceneDelegate.swift in Sources */,
				A10003 /* CameraManager.swift in Sources */,
				A10004 /* APIClient.swift in Sources */,
				A10005 /* CorrectionResponse.swift in Sources */,
				A10006 /* CameraViewController.swift in Sources */,
				A10008 /* SwingAnalyzer.swift in Sources */,
				A10009 /* GolfModule.swift in Sources */,
				A10010 /* HomeViewController.swift in Sources */,
				A10011 /* EntitlementManager.swift in Sources */,
				A10012 /* PaywallViewController.swift in Sources */,
				A10013 /* PaymentModels.swift in Sources */,
				A10014 /* TalkModeViewController.swift in Sources */,
			);
			runOnlyForDeploymentPostprocessing = 0;
		};
/* End PBXSourcesBuildPhase section */

/* Begin XCBuildConfiguration section */
		F10004 /* Debug */ = {
			isa = XCBuildConfiguration;
			buildSettings = {
				ALWAYS_SEARCH_USER_PATHS = NO;
				ASSETCATALOG_COMPILER_GENERATE_SWIFT_ASSET_SYMBOL_EXTENSIONS = YES;
				CLANG_ANALYZER_NONNULL = YES;
				CLANG_CXX_LANGUAGE_STANDARD = "gnu++20";
				CLANG_ENABLE_MODULES = YES;
				CLANG_ENABLE_OBJC_ARC = YES;
				COPY_PHASE_STRIP = NO;
				DEBUG_INFORMATION_FORMAT = dwarf;
				ENABLE_STRICT_OBJC_MSGSEND = YES;
				ENABLE_TESTABILITY = YES;
				GCC_DYNAMIC_NO_PIC = NO;
				GCC_OPTIMIZATION_LEVEL = 0;
				GCC_PREPROCESSOR_DEFINITIONS = (
					"DEBUG=1",
					"$(inherited)",
				);
				GCC_WARN_64_TO_32_BIT_CONVERSION = YES;
				GCC_WARN_ABOUT_RETURN_TYPE = YES_ERROR;
				GCC_WARN_UNINITIALIZED_AUTOS = YES_AGGRESSIVE;
				GCC_WARN_UNUSED_FUNCTION = YES;
				GCC_WARN_UNUSED_VARIABLE = YES;
				IPHONEOS_DEPLOYMENT_TARGET = 16.0;
				MTL_ENABLE_DEBUG_INFO = INCLUDE_SOURCE;
				MTL_FAST_MATH = YES;
				ONLY_ACTIVE_ARCH = YES;
				SDKROOT = iphoneos;
				SWIFT_ACTIVE_COMPILATION_CONDITIONS = "$(inherited) DEBUG";
				SWIFT_OPTIMIZATION_LEVEL = "-Onone";
			};
			name = Debug;
		};
		F10005 /* Release */ = {
			isa = XCBuildConfiguration;
			buildSettings = {
				ALWAYS_SEARCH_USER_PATHS = NO;
				ASSETCATALOG_COMPILER_GENERATE_SWIFT_ASSET_SYMBOL_EXTENSIONS = YES;
				CLANG_ANALYZER_NONNULL = YES;
				CLANG_CXX_LANGUAGE_STANDARD = "gnu++20";
				CLANG_ENABLE_MODULES = YES;
				CLANG_ENABLE_OBJC_ARC = YES;
				COPY_PHASE_STRIP = NO;
				DEBUG_INFORMATION_FORMAT = "dwarf-with-dsym";
				ENABLE_NS_ASSERTIONS = NO;
				ENABLE_STRICT_OBJC_MSGSEND = YES;
				GCC_WARN_64_TO_32_BIT_CONVERSION = YES;
				GCC_WARN_ABOUT_RETURN_TYPE = YES_ERROR;
				GCC_WARN_UNINITIALIZED_AUTOS = YES_AGGRESSIVE;
				GCC_WARN_UNUSED_FUNCTION = YES;
				GCC_WARN_UNUSED_VARIABLE = YES;
				IPHONEOS_DEPLOYMENT_TARGET = 16.0;
				MTL_FAST_MATH = YES;
				SDKROOT = iphoneos;
				SWIFT_COMPILATION_MODE = wholemodule;
				VALIDATE_PRODUCT = YES;
			};
			name = Release;
		};
		F10006 /* Debug */ = {
			isa = XCBuildConfiguration;
			buildSettings = {
				ASSETCATALOG_COMPILER_APPICON_NAME = AppIcon;
				CODE_SIGN_STYLE = Automatic;
				CURRENT_PROJECT_VERSION = 1;
				GENERATE_INFOPLIST_FILE = NO;
				INFOPLIST_FILE = GolfCoachNow/Info.plist;
				INFOPLIST_KEY_UIApplicationSupportsIndirectInputEvents = YES;
				INFOPLIST_KEY_UIStatusBarStyle = UIStatusBarStyleLightContent;
				INFOPLIST_KEY_UISupportedInterfaceOrientations = UIInterfaceOrientationPortrait;
				LD_RUNPATH_SEARCH_PATHS = (
					"$(inherited)",
					"@executable_path/Frameworks",
				);
				MARKETING_VERSION = 1.0;
				PRODUCT_BUNDLE_IDENTIFIER = com.golfcoachnow.app;
				PRODUCT_NAME = "$(TARGET_NAME)";
				SWIFT_EMIT_LOC_STRINGS = YES;
				SWIFT_VERSION = 5.0;
				TARGETED_DEVICE_FAMILY = "1";
			};
			name = Debug;
		};
		F10007 /* Release */ = {
			isa = XCBuildConfiguration;
			buildSettings = {
				ASSETCATALOG_COMPILER_APPICON_NAME = AppIcon;
				CODE_SIGN_STYLE = Automatic;
				CURRENT_PROJECT_VERSION = 1;
				GENERATE_INFOPLIST_FILE = NO;
				INFOPLIST_FILE = GolfCoachNow/Info.plist;
				INFOPLIST_KEY_UIApplicationSupportsIndirectInputEvents = YES;
				INFOPLIST_KEY_UIStatusBarStyle = UIStatusBarStyleLightContent;
				INFOPLIST_KEY_UISupportedInterfaceOrientations = UIInterfaceOrientationPortrait;
				LD_RUNPATH_SEARCH_PATHS = (
					"$(inherited)",
					"@executable_path/Frameworks",
				);
				MARKETING_VERSION = 1.0;
				PRODUCT_BUNDLE_IDENTIFIER = com.golfcoachnow.app;
				PRODUCT_NAME = "$(TARGET_NAME)";
				SWIFT_EMIT_LOC_STRINGS = YES;
				SWIFT_VERSION = 5.0;
				TARGETED_DEVICE_FAMILY = "1";
			};
			name = Release;
		};
/* End XCBuildConfiguration section */

/* Begin XCConfigurationList section */
		F10001 /* Build configuration list for PBXProject */ = {
			isa = XCConfigurationList;
			buildConfigurations = (
				F10004 /* Debug */,
				F10005 /* Release */,
			);
			defaultConfigurationIsVisible = 0;
			defaultConfigurationName = Release;
		};
		F10003 /* Build configuration list for PBXNativeTarget */ = {
			isa = XCConfigurationList;
			buildConfigurations = (
				F10006 /* Debug */,
				F10007 /* Release */,
			);
			defaultConfigurationIsVisible = 0;
			defaultConfigurationName = Release;
		};
/* End XCConfigurationList section */

	};
	rootObject = E10002 /* Project object */;
}
